
Microsoft Visual Studio Solution File, Format Version 12.00
# Visual Studio Version 16
VisualStudioVersion = 16.0.30804.86
MinimumVisualStudioVersion = 10.0.40219.1
Project("{9A19103F-16F7-4668-BE54-9A1E7A4F7556}") = "PonySample", "PonySample.csproj", "{DD54EC94-19AC-4E95-ABF6-9FC0C0B55C4C}"
EndProject
Global
	GlobalSection(SolutionConfigurationPlatforms) = preSolution
		Debug|Any CPU = Debug|Any CPU
		Release|Any CPU = Release|Any CPU
	EndGlobalSection
	GlobalSection(ProjectConfigurationPlatforms) = postSolution
		{DD54EC94-19AC-4E95-ABF6-9FC0C0B55C4C}.Debug|Any CPU.ActiveCfg = Debug|Any CPU
		{DD54EC94-19AC-4E95-ABF6-9FC0C0B55C4C}.Debug|Any CPU.Build.0 = Debug|Any CPU
		{DD54EC94-19AC-4E95-ABF6-9FC0C0B55C4C}.Release|Any CPU.ActiveCfg = Release|Any CPU
		{DD54EC94-19AC-4E95-ABF6-9FC0C0B55C4C}.Release|Any CPU.Build.0 = Release|Any CPU
	EndGlobalSection
	GlobalSection(SolutionProperties) = preSolution
		HideSolutionNode = FALSE
	EndGlobalSection
	GlobalSection(ExtensibilityGlobals) = postSolution
		SolutionGuid = {982B7627-5982-45F4-8D9F-56DE03386691}
	EndGlobalSection
EndGlobal
